
Microsoft Visual Studio Solution File, Format Version 12.00
# Visual Studio Version 16
VisualStudioVersion = 16.0.31410.357
MinimumVisualStudioVersion = 10.0.40219.1
Project("{FAE04EC0-301F-11D3-BF4B-00C04F79EFBC}") = "homeWork5_1", "homeWork5_1\homeWork5_1.csproj", "{680F41C9-C85D-4C45-A2BA-BB988B770E51}"
EndProject
Global
	GlobalSection(SolutionConfigurationPlatforms) = preSolution
		Debug|Any CPU = Debug|Any CPU
		Release|Any CPU = Release|Any CPU
	EndGlobalSection
	GlobalSection(ProjectConfigurationPlatforms) = postSolution
		{680F41C9-C85D-4C45-A2BA-BB988B770E51}.Debug|Any CPU.ActiveCfg = Debug|Any CPU
		{680F41C9-C85D-4C45-A2BA-BB988B770E51}.Debug|Any CPU.Build.0 = Debug|Any CPU
		{680F41C9-C85D-4C45-A2BA-BB988B770E51}.Release|Any CPU.ActiveCfg = Release|Any CPU
		{680F41C9-C85D-4C45-A2BA-BB988B770E51}.Release|Any CPU.Build.0 = Release|Any CPU
	EndGlobalSection
	GlobalSection(SolutionProperties) = preSolution
		HideSolutionNode = FALSE
	EndGlobalSection
	GlobalSection(ExtensibilityGlobals) = postSolution
		SolutionGuid = {EB9EF4C1-F3AC-4D5D-AF0F-4F136DF4CBE8}
	EndGlobalSection
EndGlobal
